
Microsoft Visual Studio Solution File, Format Version 12.00
# Visual Studio Version 16
VisualStudioVersion = 16.0.32901.82
MinimumVisualStudioVersion = 10.0.40219.1
Project("{FAE04EC0-301F-11D3-BF4B-00C04F79EFBC}") = "DAL", "DAL\DAL.csproj", "{0AA81B3F-99AE-4F4A-9B20-A668C7ACB971}"
EndProject
Project("{FAE04EC0-301F-11D3-BF4B-00C04F79EFBC}") = "BLL", "BLL\BLL.csproj", "{47E1EA54-FE27-4F29-9596-13053D4AF08F}"
EndProject
Project("{FAE04EC0-301F-11D3-BF4B-00C04F79EFBC}") = "DTO", "DTO\DTO.csproj", "{AE6DF2DD-E045-4660-96B4-B6D845ECD3EA}"
EndProject
Project("{FAE04EC0-301F-11D3-BF4B-00C04F79EFBC}") = "WinUI", "WinUI\WinUI.csproj", "{03C1C7A9-626B-4A80-8A19-82F3DE21B502}"
EndProject
Project("{FAE04EC0-301F-11D3-BF4B-00C04F79EFBC}") = "WEBUI", "WEBUI\WEBUI.csproj", "{92CA0E6C-95AD-40AA-ADE0-2159186AFA54}"
EndProject
Global
	GlobalSection(SolutionConfigurationPlatforms) = preSolution
		Debug|Any CPU = Debug|Any CPU
		Release|Any CPU = Release|Any CPU
	EndGlobalSection
	GlobalSection(ProjectConfigurationPlatforms) = postSolution
		{0AA81B3F-99AE-4F4A-9B20-A668C7ACB971}.Debug|Any CPU.ActiveCfg = Debug|Any CPU
		{0AA81B3F-99AE-4F4A-9B20-A668C7ACB971}.Debug|Any CPU.Build.0 = Debug|Any CPU
		{0AA81B3F-99AE-4F4A-9B20-A668C7ACB971}.Release|Any CPU.ActiveCfg = Release|Any CPU
		{0AA81B3F-99AE-4F4A-9B20-A668C7ACB971}.Release|Any CPU.Build.0 = Release|Any CPU
		{47E1EA54-FE27-4F29-9596-13053D4AF08F}.Debug|Any CPU.ActiveCfg = Debug|Any CPU
		{47E1EA54-FE27-4F29-9596-13053D4AF08F}.Debug|Any CPU.Build.0 = Debug|Any CPU
		{47E1EA54-FE27-4F29-9596-13053D4AF08F}.Release|Any CPU.ActiveCfg = Release|Any CPU
		{47E1EA54-FE27-4F29-9596-13053D4AF08F}.Release|Any CPU.Build.0 = Release|Any CPU
		{AE6DF2DD-E045-4660-96B4-B6D845ECD3EA}.Debug|Any CPU.ActiveCfg = Debug|Any CPU
		{AE6DF2DD-E045-4660-96B4-B6D845ECD3EA}.Debug|Any CPU.Build.0 = Debug|Any CPU
		{AE6DF2DD-E045-4660-96B4-B6D845ECD3EA}.Release|Any CPU.ActiveCfg = Release|Any CPU
		{AE6DF2DD-E045-4660-96B4-B6D845ECD3EA}.Release|Any CPU.Build.0 = Release|Any CPU
		{03C1C7A9-626B-4A80-8A19-82F3DE21B502}.Debug|Any CPU.ActiveCfg = Debug|Any CPU
		{03C1C7A9-626B-4A80-8A19-82F3DE21B502}.Debug|Any CPU.Build.0 = Debug|Any CPU
		{03C1C7A9-626B-4A80-8A19-82F3DE21B502}.Release|Any CPU.ActiveCfg = Release|Any CPU
		{03C1C7A9-626B-4A80-8A19-82F3DE21B502}.Release|Any CPU.Build.0 = Release|Any CPU
		{92CA0E6C-95AD-40AA-ADE0-2159186AFA54}.Debug|Any CPU.ActiveCfg = Debug|Any CPU
		{92CA0E6C-95AD-40AA-ADE0-2159186AFA54}.Debug|Any CPU.Build.0 = Debug|Any CPU
		{92CA0E6C-95AD-40AA-ADE0-2159186AFA54}.Release|Any CPU.ActiveCfg = Release|Any CPU
		{92CA0E6C-95AD-40AA-ADE0-2159186AFA54}.Release|Any CPU.Build.0 = Release|Any CPU
	EndGlobalSection
	GlobalSection(SolutionProperties) = preSolution
		HideSolutionNode = FALSE
	EndGlobalSection
	GlobalSection(ExtensibilityGlobals) = postSolution
		SolutionGuid = {1EB41E8F-1354-445E-833C-51C4E0E1B359}
	EndGlobalSection
EndGlobal
